
Microsoft Visual Studio Solution File, Format Version 12.00
# Visual Studio 2013
VisualStudioVersion = 12.0.21005.1
MinimumVisualStudioVersion = 10.0.40219.1
Project("{2150E333-8FDC-42A3-9474-1A3956D46DE8}") = "Framework", "Framework", "{BD6322A8-D1D0-4831-A125-BF8429721804}"
EndProject
Project("{FAE04EC0-301F-11D3-BF4B-00C04F79EFBC}") = "CachingFramework.Core", "CachingFramework.Core\CachingFramework.Core.csproj", "{8B4B1E3E-20CE-46DE-9DE7-86AF5E91D73B}"
EndProject
Global
	GlobalSection(SolutionConfigurationPlatforms) = preSolution
		Debug|Any CPU = Debug|Any CPU
		Release|Any CPU = Release|Any CPU
	EndGlobalSection
	GlobalSection(ProjectConfigurationPlatforms) = postSolution
		{8B4B1E3E-20CE-46DE-9DE7-86AF5E91D73B}.Debug|Any CPU.ActiveCfg = Debug|Any CPU
		{8B4B1E3E-20CE-46DE-9DE7-86AF5E91D73B}.Debug|Any CPU.Build.0 = Debug|Any CPU
		{8B4B1E3E-20CE-46DE-9DE7-86AF5E91D73B}.Release|Any CPU.ActiveCfg = Release|Any CPU
		{8B4B1E3E-20CE-46DE-9DE7-86AF5E91D73B}.Release|Any CPU.Build.0 = Release|Any CPU
	EndGlobalSection
	GlobalSection(SolutionProperties) = preSolution
		HideSolutionNode = FALSE
	EndGlobalSection
	GlobalSection(NestedProjects) = preSolution
		{8B4B1E3E-20CE-46DE-9DE7-86AF5E91D73B} = {BD6322A8-D1D0-4831-A125-BF8429721804}
	EndGlobalSection
EndGlobal
